
Microsoft Visual Studio Solution File, Format Version 12.00
# Visual Studio 15
VisualStudioVersion = 15.0.26228.4
MinimumVisualStudioVersion = 10.0.40219.1
Project("{2150E333-8FDC-42A3-9474-1A3956D46DE8}") = "01 Framework 基础设施层", "01 Framework 基础设施层", "{DF33F8CD-1E19-45AE-9F86-6279006D693A}"
EndProject
Project("{2150E333-8FDC-42A3-9474-1A3956D46DE8}") = "02 Model 实体层", "02 Model 实体层", "{200F18EF-8387-4598-9AB5-3BF817E8AA62}"
EndProject
Project("{2150E333-8FDC-42A3-9474-1A3956D46DE8}") = "03 DataAccess 数据核心层", "03 DataAccess 数据核心层", "{D924E638-894E-4F1B-927C-054313D47953}"
EndProject
Project("{2150E333-8FDC-42A3-9474-1A3956D46DE8}") = "04 Business 业务逻辑层", "04 Business 业务逻辑层", "{CE57AA5E-83DE-483D-90EE-805E447E3651}"
EndProject
Project("{2150E333-8FDC-42A3-9474-1A3956D46DE8}") = "05 UI 界面应用层", "05 UI 界面应用层", "{6A3FF862-FD66-4DE1-8AC3-D8876ACCC726}"
EndProject
Project("{2150E333-8FDC-42A3-9474-1A3956D46DE8}") = "06 SOA 对外提供API服务", "06 SOA 对外提供API服务", "{E845075D-B9F1-41E4-AC04-B534CAFC6FF9}"
EndProject
Project("{2150E333-8FDC-42A3-9474-1A3956D46DE8}") = "01 Cache 系统缓存", "01 Cache 系统缓存", "{95C2DFF7-51D8-4FFC-9A5D-0657AFFAAE7C}"
EndProject
Project("{2150E333-8FDC-42A3-9474-1A3956D46DE8}") = "02 Utils 系统工具", "02 Utils 系统工具", "{6612271A-7B42-416A-B48C-2FD46A3E30A4}"
EndProject
Project("{FAE04EC0-301F-11D3-BF4B-00C04F79EFBC}") = "BerryCMS.Entity", "BerryCMS.Modes\BerryCMS.Entity\BerryCMS.Entity.csproj", "{4CB6E59D-38C5-4E48-8B10-708A728FD33C}"
EndProject
Project("{FAE04EC0-301F-11D3-BF4B-00C04F79EFBC}") = "BerryCMS.Extension", "BerryCMS.Framework\BerryCMS.Extension\BerryCMS.Extension.csproj", "{70736273-93C2-49B9-8E07-87FFD5C4673A}"
EndProject
Project("{FAE04EC0-301F-11D3-BF4B-00C04F79EFBC}") = "BerryCMS.Utils", "BerryCMS.Framework\BerryCMS.Utils\BerryCMS.Utils.csproj", "{69C7E278-3CC7-4420-8C9C-7F49DC4DBA30}"
EndProject
Project("{FAE04EC0-301F-11D3-BF4B-00C04F79EFBC}") = "BerryCMS.Log", "BerryCMS.Framework\BerryCMS.Log\BerryCMS.Log.csproj", "{ED9F7D72-005F-49C1-AD87-B77820A63C21}"
EndProject
Project("{FAE04EC0-301F-11D3-BF4B-00C04F79EFBC}") = "BerryCMS.IOC", "BerryCMS.Framework\BerryCMS.IOC\BerryCMS.IOC.csproj", "{E71FA5FA-9EA6-4B3B-B983-D5593D7D8472}"
EndProject
Project("{FAE04EC0-301F-11D3-BF4B-00C04F79EFBC}") = "BerryCMS.CacheFactory", "BerryCMS.Framework\BerryCMS.CacheFactory\BerryCMS.CacheFactory.csproj", "{43CB9C8F-9032-48BE-8AAD-594183B39FD1}"
EndProject
Project("{FAE04EC0-301F-11D3-BF4B-00C04F79EFBC}") = "BerryCMS.Redis", "BerryCMS.Framework\BerryCMS.Redis\BerryCMS.Redis.csproj", "{CFBE05A6-31F3-403C-968B-6B378F8A648C}"
EndProject
Project("{FAE04EC0-301F-11D3-BF4B-00C04F79EFBC}") = "BerryCMS.WebCache", "BerryCMS.Framework\BerryCMS.WebCache\BerryCMS.WebCache.csproj", "{E0EC9436-F0EE-408E-A8BA-A1F45FD251C2}"
EndProject
Project("{FAE04EC0-301F-11D3-BF4B-00C04F79EFBC}") = "BerryCMS.BLL", "BerryCMS.Business\BerryCMS.BLL\BerryCMS.BLL.csproj", "{F7CFF89C-C306-4CC3-A233-76EC8E15332B}"
EndProject
Project("{FAE04EC0-301F-11D3-BF4B-00C04F79EFBC}") = "BerryCMS.IService", "BerryCMS.Business\BerryCMS.IService\BerryCMS.IService.csproj", "{9E31CEE0-7254-4A74-A91A-6F5141AB63FB}"
EndProject
Project("{FAE04EC0-301F-11D3-BF4B-00C04F79EFBC}") = "BerryCMS.Service", "BerryCMS.Business\BerryCMS.Service\BerryCMS.Service.csproj", "{FE2156B5-6CF8-4E13-A1B1-E82EAB6E7415}"
EndProject
Project("{FAE04EC0-301F-11D3-BF4B-00C04F79EFBC}") = "BerryCMS.Test", "BerryCMS.UI\BerryCMS.Test\BerryCMS.Test.csproj", "{FAE59FD2-ADFD-4FD4-9D9E-F07663BD9DC7}"
EndProject
Project("{2150E333-8FDC-42A3-9474-1A3956D46DE8}") = "03 Global 全局编码", "03 Global 全局编码", "{2C895F3C-CDCE-4709-924C-CE5781A20CF5}"
EndProject
Project("{FAE04EC0-301F-11D3-BF4B-00C04F79EFBC}") = "BerryCMS.Code", "BerryCMS.Framework\BerryCMS.Code\BerryCMS.Code.csproj", "{3B2FE2E2-9F4B-4F0E-B01D-49C90029DE58}"
EndProject
Project("{FAE04EC0-301F-11D3-BF4B-00C04F79EFBC}") = "BerryCMS.MsSQL", "BerryCMS.DataAccess\BerryCMS.MsSQL\BerryCMS.MsSQL.csproj", "{D63A5296-E6DD-443B-84A3-374597BBED87}"
EndProject
Project("{FAE04EC0-301F-11D3-BF4B-00C04F79EFBC}") = "BerryCMS.MySQL", "BerryCMS.DataAccess\BerryCMS.MySQL\BerryCMS.MySQL.csproj", "{A88B47A6-23A6-48F3-9E22-56E1CB051FE6}"
EndProject
Project("{FAE04EC0-301F-11D3-BF4B-00C04F79EFBC}") = "BerryCMS.IDAL", "BerryCMS.DataAccess\BerryCMS.IDAL\BerryCMS.IDAL.csproj", "{50B8531C-F4A8-4A81-B3E7-D2310BD72EBF}"
EndProject
Project("{FAE04EC0-301F-11D3-BF4B-00C04F79EFBC}") = "BerryCMS.IBLL", "BerryCMS.Business\BerryCMS.IBLL\BerryCMS.IBLL.csproj", "{9EB368A5-AD1E-43AF-87A3-CA32CD2EFAD9}"
EndProject
Project("{2150E333-8FDC-42A3-9474-1A3956D46DE8}") = "07 测试用例", "07 测试用例", "{1765BACC-527A-4F7C-9F8A-414CD3F50C5F}"
EndProject
Project("{FAE04EC0-301F-11D3-BF4B-00C04F79EFBC}") = "BerryCMS.ICache", "BerryCMS.Framework\BerryCMS.ICache\BerryCMS.ICache.csproj", "{56D2D1DB-9540-4C86-96C5-0CA0486670CB}"
EndProject
Project("{FAE04EC0-301F-11D3-BF4B-00C04F79EFBC}") = "BerryCMS.API", "BerryCMS.SOA\BerryCMS.API\BerryCMS.API.csproj", "{31016783-8F6F-4035-A92C-F2DA869D7380}"
EndProject
Project("{FAE04EC0-301F-11D3-BF4B-00C04F79EFBC}") = "BerryCMS", "BerryCMS.UI\BerryCMS\BerryCMS.csproj", "{22C6CCEF-45FE-438B-AF3E-3842CF7BB463}"
EndProject
Project("{2150E333-8FDC-42A3-9474-1A3956D46DE8}") = "01 Cache 应用缓存", "01 Cache 应用缓存", "{E23476BE-30F0-4A51-8172-53572B2C13DA}"
EndProject
Project("{FAE04EC0-301F-11D3-BF4B-00C04F79EFBC}") = "BerryCMS.App.Cache", "BerryCMS.Business\BerryCMS.App.Cache\BerryCMS.App.Cache.csproj", "{47945A46-F0B6-4D03-90CD-F10FCB855A1B}"
EndProject
Global
	GlobalSection(SolutionConfigurationPlatforms) = preSolution
		Debug|Any CPU = Debug|Any CPU
		Release|Any CPU = Release|Any CPU
	EndGlobalSection
	GlobalSection(ProjectConfigurationPlatforms) = postSolution
		{4CB6E59D-38C5-4E48-8B10-708A728FD33C}.Debug|Any CPU.ActiveCfg = Debug|Any CPU
		{4CB6E59D-38C5-4E48-8B10-708A728FD33C}.Debug|Any CPU.Build.0 = Debug|Any CPU
		{4CB6E59D-38C5-4E48-8B10-708A728FD33C}.Release|Any CPU.ActiveCfg = Release|Any CPU
		{4CB6E59D-38C5-4E48-8B10-708A728FD33C}.Release|Any CPU.Build.0 = Release|Any CPU
		{70736273-93C2-49B9-8E07-87FFD5C4673A}.Debug|Any CPU.ActiveCfg = Debug|Any CPU
		{70736273-93C2-49B9-8E07-87FFD5C4673A}.Debug|Any CPU.Build.0 = Debug|Any CPU
		{70736273-93C2-49B9-8E07-87FFD5C4673A}.Release|Any CPU.ActiveCfg = Release|Any CPU
		{70736273-93C2-49B9-8E07-87FFD5C4673A}.Release|Any CPU.Build.0 = Release|Any CPU
		{69C7E278-3CC7-4420-8C9C-7F49DC4DBA30}.Debug|Any CPU.ActiveCfg = Debug|Any CPU
		{69C7E278-3CC7-4420-8C9C-7F49DC4DBA30}.Debug|Any CPU.Build.0 = Debug|Any CPU
		{69C7E278-3CC7-4420-8C9C-7F49DC4DBA30}.Release|Any CPU.ActiveCfg = Release|Any CPU
		{69C7E278-3CC7-4420-8C9C-7F49DC4DBA30}.Release|Any CPU.Build.0 = Release|Any CPU
		{ED9F7D72-005F-49C1-AD87-B77820A63C21}.Debug|Any CPU.ActiveCfg = Debug|Any CPU
		{ED9F7D72-005F-49C1-AD87-B77820A63C21}.Debug|Any CPU.Build.0 = Debug|Any CPU
		{ED9F7D72-005F-49C1-AD87-B77820A63C21}.Release|Any CPU.ActiveCfg = Release|Any CPU
		{ED9F7D72-005F-49C1-AD87-B77820A63C21}.Release|Any CPU.Build.0 = Release|Any CPU
		{E71FA5FA-9EA6-4B3B-B983-D5593D7D8472}.Debug|Any CPU.ActiveCfg = Debug|Any CPU
		{E71FA5FA-9EA6-4B3B-B983-D5593D7D8472}.Debug|Any CPU.Build.0 = Debug|Any CPU
		{E71FA5FA-9EA6-4B3B-B983-D5593D7D8472}.Release|Any CPU.ActiveCfg = Release|Any CPU
		{E71FA5FA-9EA6-4B3B-B983-D5593D7D8472}.Release|Any CPU.Build.0 = Release|Any CPU
		{43CB9C8F-9032-48BE-8AAD-594183B39FD1}.Debug|Any CPU.ActiveCfg = Debug|Any CPU
		{43CB9C8F-9032-48BE-8AAD-594183B39FD1}.Debug|Any CPU.Build.0 = Debug|Any CPU
		{43CB9C8F-9032-48BE-8AAD-594183B39FD1}.Release|Any CPU.ActiveCfg = Release|Any CPU
		{43CB9C8F-9032-48BE-8AAD-594183B39FD1}.Release|Any CPU.Build.0 = Release|Any CPU
		{CFBE05A6-31F3-403C-968B-6B378F8A648C}.Debug|Any CPU.ActiveCfg = Debug|Any CPU
		{CFBE05A6-31F3-403C-968B-6B378F8A648C}.Debug|Any CPU.Build.0 = Debug|Any CPU
		{CFBE05A6-31F3-403C-968B-6B378F8A648C}.Release|Any CPU.ActiveCfg = Release|Any CPU
		{CFBE05A6-31F3-403C-968B-6B378F8A648C}.Release|Any CPU.Build.0 = Release|Any CPU
		{E0EC9436-F0EE-408E-A8BA-A1F45FD251C2}.Debug|Any CPU.ActiveCfg = Debug|Any CPU
		{E0EC9436-F0EE-408E-A8BA-A1F45FD251C2}.Debug|Any CPU.Build.0 = Debug|Any CPU
		{E0EC9436-F0EE-408E-A8BA-A1F45FD251C2}.Release|Any CPU.ActiveCfg = Release|Any CPU
		{E0EC9436-F0EE-408E-A8BA-A1F45FD251C2}.Release|Any CPU.Build.0 = Release|Any CPU
		{F7CFF89C-C306-4CC3-A233-76EC8E15332B}.Debug|Any CPU.ActiveCfg = Debug|Any CPU
		{F7CFF89C-C306-4CC3-A233-76EC8E15332B}.Debug|Any CPU.Build.0 = Debug|Any CPU
		{F7CFF89C-C306-4CC3-A233-76EC8E15332B}.Release|Any CPU.ActiveCfg = Release|Any CPU
		{F7CFF89C-C306-4CC3-A233-76EC8E15332B}.Release|Any CPU.Build.0 = Release|Any CPU
		{9E31CEE0-7254-4A74-A91A-6F5141AB63FB}.Debug|Any CPU.ActiveCfg = Debug|Any CPU
		{9E31CEE0-7254-4A74-A91A-6F5141AB63FB}.Debug|Any CPU.Build.0 = Debug|Any CPU
		{9E31CEE0-7254-4A74-A91A-6F5141AB63FB}.Release|Any CPU.ActiveCfg = Release|Any CPU
		{9E31CEE0-7254-4A74-A91A-6F5141AB63FB}.Release|Any CPU.Build.0 = Release|Any CPU
		{FE2156B5-6CF8-4E13-A1B1-E82EAB6E7415}.Debug|Any CPU.ActiveCfg = Debug|Any CPU
		{FE2156B5-6CF8-4E13-A1B1-E82EAB6E7415}.Debug|Any CPU.Build.0 = Debug|Any CPU
		{FE2156B5-6CF8-4E13-A1B1-E82EAB6E7415}.Release|Any CPU.ActiveCfg = Release|Any CPU
		{FE2156B5-6CF8-4E13-A1B1-E82EAB6E7415}.Release|Any CPU.Build.0 = Release|Any CPU
		{FAE59FD2-ADFD-4FD4-9D9E-F07663BD9DC7}.Debug|Any CPU.ActiveCfg = Debug|Any CPU
		{FAE59FD2-ADFD-4FD4-9D9E-F07663BD9DC7}.Debug|Any CPU.Build.0 = Debug|Any CPU
		{FAE59FD2-ADFD-4FD4-9D9E-F07663BD9DC7}.Release|Any CPU.ActiveCfg = Release|Any CPU
		{FAE59FD2-ADFD-4FD4-9D9E-F07663BD9DC7}.Release|Any CPU.Build.0 = Release|Any CPU
		{3B2FE2E2-9F4B-4F0E-B01D-49C90029DE58}.Debug|Any CPU.ActiveCfg = Debug|Any CPU
		{3B2FE2E2-9F4B-4F0E-B01D-49C90029DE58}.Debug|Any CPU.Build.0 = Debug|Any CPU
		{3B2FE2E2-9F4B-4F0E-B01D-49C90029DE58}.Release|Any CPU.ActiveCfg = Release|Any CPU
		{3B2FE2E2-9F4B-4F0E-B01D-49C90029DE58}.Release|Any CPU.Build.0 = Release|Any CPU
		{D63A5296-E6DD-443B-84A3-374597BBED87}.Debug|Any CPU.ActiveCfg = Debug|Any CPU
		{D63A5296-E6DD-443B-84A3-374597BBED87}.Debug|Any CPU.Build.0 = Debug|Any CPU
		{D63A5296-E6DD-443B-84A3-374597BBED87}.Release|Any CPU.ActiveCfg = Release|Any CPU
		{D63A5296-E6DD-443B-84A3-374597BBED87}.Release|Any CPU.Build.0 = Release|Any CPU
		{A88B47A6-23A6-48F3-9E22-56E1CB051FE6}.Debug|Any CPU.ActiveCfg = Debug|Any CPU
		{A88B47A6-23A6-48F3-9E22-56E1CB051FE6}.Debug|Any CPU.Build.0 = Debug|Any CPU
		{A88B47A6-23A6-48F3-9E22-56E1CB051FE6}.Release|Any CPU.ActiveCfg = Release|Any CPU
		{A88B47A6-23A6-48F3-9E22-56E1CB051FE6}.Release|Any CPU.Build.0 = Release|Any CPU
		{50B8531C-F4A8-4A81-B3E7-D2310BD72EBF}.Debug|Any CPU.ActiveCfg = Debug|Any CPU
		{50B8531C-F4A8-4A81-B3E7-D2310BD72EBF}.Debug|Any CPU.Build.0 = Debug|Any CPU
		{50B8531C-F4A8-4A81-B3E7-D2310BD72EBF}.Release|Any CPU.ActiveCfg = Release|Any CPU
		{50B8531C-F4A8-4A81-B3E7-D2310BD72EBF}.Release|Any CPU.Build.0 = Release|Any CPU
		{9EB368A5-AD1E-43AF-87A3-CA32CD2EFAD9}.Debug|Any CPU.ActiveCfg = Debug|Any CPU
		{9EB368A5-AD1E-43AF-87A3-CA32CD2EFAD9}.Debug|Any CPU.Build.0 = Debug|Any CPU
		{9EB368A5-AD1E-43AF-87A3-CA32CD2EFAD9}.Release|Any CPU.ActiveCfg = Release|Any CPU
		{9EB368A5-AD1E-43AF-87A3-CA32CD2EFAD9}.Release|Any CPU.Build.0 = Release|Any CPU
		{56D2D1DB-9540-4C86-96C5-0CA0486670CB}.Debug|Any CPU.ActiveCfg = Debug|Any CPU
		{56D2D1DB-9540-4C86-96C5-0CA0486670CB}.Debug|Any CPU.Build.0 = Debug|Any CPU
		{56D2D1DB-9540-4C86-96C5-0CA0486670CB}.Release|Any CPU.ActiveCfg = Release|Any CPU
		{56D2D1DB-9540-4C86-96C5-0CA0486670CB}.Release|Any CPU.Build.0 = Release|Any CPU
		{31016783-8F6F-4035-A92C-F2DA869D7380}.Debug|Any CPU.ActiveCfg = Debug|Any CPU
		{31016783-8F6F-4035-A92C-F2DA869D7380}.Debug|Any CPU.Build.0 = Debug|Any CPU
		{31016783-8F6F-4035-A92C-F2DA869D7380}.Release|Any CPU.ActiveCfg = Release|Any CPU
		{31016783-8F6F-4035-A92C-F2DA869D7380}.Release|Any CPU.Build.0 = Release|Any CPU
		{22C6CCEF-45FE-438B-AF3E-3842CF7BB463}.Debug|Any CPU.ActiveCfg = Debug|Any CPU
		{22C6CCEF-45FE-438B-AF3E-3842CF7BB463}.Debug|Any CPU.Build.0 = Debug|Any CPU
		{22C6CCEF-45FE-438B-AF3E-3842CF7BB463}.Release|Any CPU.ActiveCfg = Release|Any CPU
		{22C6CCEF-45FE-438B-AF3E-3842CF7BB463}.Release|Any CPU.Build.0 = Release|Any CPU
		{47945A46-F0B6-4D03-90CD-F10FCB855A1B}.Debug|Any CPU.ActiveCfg = Debug|Any CPU
		{47945A46-F0B6-4D03-90CD-F10FCB855A1B}.Debug|Any CPU.Build.0 = Debug|Any CPU
		{47945A46-F0B6-4D03-90CD-F10FCB855A1B}.Release|Any CPU.ActiveCfg = Release|Any CPU
		{47945A46-F0B6-4D03-90CD-F10FCB855A1B}.Release|Any CPU.Build.0 = Release|Any CPU
	EndGlobalSection
	GlobalSection(SolutionProperties) = preSolution
		HideSolutionNode = FALSE
	EndGlobalSection
	GlobalSection(NestedProjects) = preSolution
		{95C2DFF7-51D8-4FFC-9A5D-0657AFFAAE7C} = {DF33F8CD-1E19-45AE-9F86-6279006D693A}
		{6612271A-7B42-416A-B48C-2FD46A3E30A4} = {DF33F8CD-1E19-45AE-9F86-6279006D693A}
		{4CB6E59D-38C5-4E48-8B10-708A728FD33C} = {200F18EF-8387-4598-9AB5-3BF817E8AA62}
		{70736273-93C2-49B9-8E07-87FFD5C4673A} = {6612271A-7B42-416A-B48C-2FD46A3E30A4}
		{69C7E278-3CC7-4420-8C9C-7F49DC4DBA30} = {6612271A-7B42-416A-B48C-2FD46A3E30A4}
		{ED9F7D72-005F-49C1-AD87-B77820A63C21} = {6612271A-7B42-416A-B48C-2FD46A3E30A4}
		{E71FA5FA-9EA6-4B3B-B983-D5593D7D8472} = {6612271A-7B42-416A-B48C-2FD46A3E30A4}
		{43CB9C8F-9032-48BE-8AAD-594183B39FD1} = {95C2DFF7-51D8-4FFC-9A5D-0657AFFAAE7C}
		{CFBE05A6-31F3-403C-968B-6B378F8A648C} = {95C2DFF7-51D8-4FFC-9A5D-0657AFFAAE7C}
		{E0EC9436-F0EE-408E-A8BA-A1F45FD251C2} = {95C2DFF7-51D8-4FFC-9A5D-0657AFFAAE7C}
		{F7CFF89C-C306-4CC3-A233-76EC8E15332B} = {CE57AA5E-83DE-483D-90EE-805E447E3651}
		{9E31CEE0-7254-4A74-A91A-6F5141AB63FB} = {CE57AA5E-83DE-483D-90EE-805E447E3651}
		{FE2156B5-6CF8-4E13-A1B1-E82EAB6E7415} = {CE57AA5E-83DE-483D-90EE-805E447E3651}
		{FAE59FD2-ADFD-4FD4-9D9E-F07663BD9DC7} = {1765BACC-527A-4F7C-9F8A-414CD3F50C5F}
		{2C895F3C-CDCE-4709-924C-CE5781A20CF5} = {DF33F8CD-1E19-45AE-9F86-6279006D693A}
		{3B2FE2E2-9F4B-4F0E-B01D-49C90029DE58} = {2C895F3C-CDCE-4709-924C-CE5781A20CF5}
		{D63A5296-E6DD-443B-84A3-374597BBED87} = {D924E638-894E-4F1B-927C-054313D47953}
		{A88B47A6-23A6-48F3-9E22-56E1CB051FE6} = {D924E638-894E-4F1B-927C-054313D47953}
		{50B8531C-F4A8-4A81-B3E7-D2310BD72EBF} = {D924E638-894E-4F1B-927C-054313D47953}
		{9EB368A5-AD1E-43AF-87A3-CA32CD2EFAD9} = {CE57AA5E-83DE-483D-90EE-805E447E3651}
		{56D2D1DB-9540-4C86-96C5-0CA0486670CB} = {95C2DFF7-51D8-4FFC-9A5D-0657AFFAAE7C}
		{31016783-8F6F-4035-A92C-F2DA869D7380} = {E845075D-B9F1-41E4-AC04-B534CAFC6FF9}
		{22C6CCEF-45FE-438B-AF3E-3842CF7BB463} = {6A3FF862-FD66-4DE1-8AC3-D8876ACCC726}
		{E23476BE-30F0-4A51-8172-53572B2C13DA} = {CE57AA5E-83DE-483D-90EE-805E447E3651}
		{47945A46-F0B6-4D03-90CD-F10FCB855A1B} = {E23476BE-30F0-4A51-8172-53572B2C13DA}
	EndGlobalSection
	GlobalSection(ExtensibilityGlobals) = postSolution
		SolutionGuid = {7D2D0603-1614-4B9B-9FED-179DBF5387F7}
	EndGlobalSection
EndGlobal
